
Microsoft Visual Studio Solution File, Format Version 12.00
# Visual Studio Version 16
VisualStudioVersion = 16.0.30320.27
MinimumVisualStudioVersion = 10.0.40219.1
Project("{9A19103F-16F7-4668-BE54-9A1E7A4F7556}") = "NRadio", "..\NRadio\NRadio\NRadio.csproj", "{DF52FADA-FB98-487D-AC32-9685C8E1D760}"
EndProject
Project("{9A19103F-16F7-4668-BE54-9A1E7A4F7556}") = "Radiocamp.Core", "Radiocamp.Core\Radiocamp.Core.csproj", "{C06D4C1D-D443-497D-90AF-065979DD1A6E}"
EndProject
Project("{9A19103F-16F7-4668-BE54-9A1E7A4F7556}") = "Radiocamp.Clients.Shared", "Radiocamp.Clients.Shared\Radiocamp.Clients.Shared.csproj", "{2AC387C9-BBC2-4AB7-A687-5F2D05A8D365}"
EndProject
Project("{9A19103F-16F7-4668-BE54-9A1E7A4F7556}") = "Radiocamp.Clients.Windows.UI", "Radiocamp.Clients.Windows.UI\Radiocamp.Clients.Windows.UI.csproj", "{45E5C752-5CEF-4894-BA41-2D98121CD9AF}"
EndProject
Project("{9A19103F-16F7-4668-BE54-9A1E7A4F7556}") = "Radiocamp.Clients.Windows", "Radiocamp.Clients.Windows\Radiocamp.Clients.Windows.csproj", "{FF10352B-91BC-4A43-AE9D-D2C5D34C6201}"
EndProject
Project("{9A19103F-16F7-4668-BE54-9A1E7A4F7556}") = "Radiocamp.Clients.Windows.Core", "Radiocamp.Clients.Windows.Core\Radiocamp.Clients.Windows.Core.csproj", "{DEBE1FE1-8747-4910-BB94-B75579DE8C43}"
EndProject
Project("{9A19103F-16F7-4668-BE54-9A1E7A4F7556}") = "Radiocamp.Clients.Windows.Database", "Radiocamp.Clients.Windows.Database\Radiocamp.Clients.Windows.Database.csproj", "{F6A17652-90BA-4542-86BC-593AED185661}"
EndProject
Project("{FAE04EC0-301F-11D3-BF4B-00C04F79EFBC}") = "Radiocamp.Clients.Windows.Libraries", "Radiocamp.Clients.Windows.Libraries\Radiocamp.Clients.Windows.Libraries.csproj", "{2A227731-2BD5-4FE2-B3E3-629B4D5C42A1}"
EndProject
Global
	GlobalSection(SolutionConfigurationPlatforms) = preSolution
		Debug|Any CPU = Debug|Any CPU
		Release|Any CPU = Release|Any CPU
	EndGlobalSection
	GlobalSection(ProjectConfigurationPlatforms) = postSolution
		{DF52FADA-FB98-487D-AC32-9685C8E1D760}.Debug|Any CPU.ActiveCfg = Debug|Any CPU
		{DF52FADA-FB98-487D-AC32-9685C8E1D760}.Debug|Any CPU.Build.0 = Debug|Any CPU
		{DF52FADA-FB98-487D-AC32-9685C8E1D760}.Release|Any CPU.ActiveCfg = Release|Any CPU
		{DF52FADA-FB98-487D-AC32-9685C8E1D760}.Release|Any CPU.Build.0 = Release|Any CPU
		{C06D4C1D-D443-497D-90AF-065979DD1A6E}.Debug|Any CPU.ActiveCfg = Debug|Any CPU
		{C06D4C1D-D443-497D-90AF-065979DD1A6E}.Debug|Any CPU.Build.0 = Debug|Any CPU
		{C06D4C1D-D443-497D-90AF-065979DD1A6E}.Release|Any CPU.ActiveCfg = Release|Any CPU
		{C06D4C1D-D443-497D-90AF-065979DD1A6E}.Release|Any CPU.Build.0 = Release|Any CPU
		{2AC387C9-BBC2-4AB7-A687-5F2D05A8D365}.Debug|Any CPU.ActiveCfg = Debug|Any CPU
		{2AC387C9-BBC2-4AB7-A687-5F2D05A8D365}.Debug|Any CPU.Build.0 = Debug|Any CPU
		{2AC387C9-BBC2-4AB7-A687-5F2D05A8D365}.Release|Any CPU.ActiveCfg = Release|Any CPU
		{2AC387C9-BBC2-4AB7-A687-5F2D05A8D365}.Release|Any CPU.Build.0 = Release|Any CPU
		{45E5C752-5CEF-4894-BA41-2D98121CD9AF}.Debug|Any CPU.ActiveCfg = Debug|Any CPU
		{45E5C752-5CEF-4894-BA41-2D98121CD9AF}.Debug|Any CPU.Build.0 = Debug|Any CPU
		{45E5C752-5CEF-4894-BA41-2D98121CD9AF}.Release|Any CPU.ActiveCfg = Release|Any CPU
		{45E5C752-5CEF-4894-BA41-2D98121CD9AF}.Release|Any CPU.Build.0 = Release|Any CPU
		{FF10352B-91BC-4A43-AE9D-D2C5D34C6201}.Debug|Any CPU.ActiveCfg = Debug|Any CPU
		{FF10352B-91BC-4A43-AE9D-D2C5D34C6201}.Debug|Any CPU.Build.0 = Debug|Any CPU
		{FF10352B-91BC-4A43-AE9D-D2C5D34C6201}.Release|Any CPU.ActiveCfg = Release|Any CPU
		{FF10352B-91BC-4A43-AE9D-D2C5D34C6201}.Release|Any CPU.Build.0 = Release|Any CPU
		{DEBE1FE1-8747-4910-BB94-B75579DE8C43}.Debug|Any CPU.ActiveCfg = Debug|Any CPU
		{DEBE1FE1-8747-4910-BB94-B75579DE8C43}.Debug|Any CPU.Build.0 = Debug|Any CPU
		{DEBE1FE1-8747-4910-BB94-B75579DE8C43}.Release|Any CPU.ActiveCfg = Release|Any CPU
		{DEBE1FE1-8747-4910-BB94-B75579DE8C43}.Release|Any CPU.Build.0 = Release|Any CPU
		{F6A17652-90BA-4542-86BC-593AED185661}.Debug|Any CPU.ActiveCfg = Debug|Any CPU
		{F6A17652-90BA-4542-86BC-593AED185661}.Debug|Any CPU.Build.0 = Debug|Any CPU
		{F6A17652-90BA-4542-86BC-593AED185661}.Release|Any CPU.ActiveCfg = Release|Any CPU
		{F6A17652-90BA-4542-86BC-593AED185661}.Release|Any CPU.Build.0 = Release|Any CPU
		{2A227731-2BD5-4FE2-B3E3-629B4D5C42A1}.Debug|Any CPU.ActiveCfg = Debug|Any CPU
		{2A227731-2BD5-4FE2-B3E3-629B4D5C42A1}.Debug|Any CPU.Build.0 = Debug|Any CPU
		{2A227731-2BD5-4FE2-B3E3-629B4D5C42A1}.Release|Any CPU.ActiveCfg = Release|Any CPU
		{2A227731-2BD5-4FE2-B3E3-629B4D5C42A1}.Release|Any CPU.Build.0 = Release|Any CPU
	EndGlobalSection
	GlobalSection(SolutionProperties) = preSolution
		HideSolutionNode = FALSE
	EndGlobalSection
	GlobalSection(ExtensibilityGlobals) = postSolution
		SolutionGuid = {A5EA80EE-4A46-48D2-82F9-1D9EF7C0F16E}
	EndGlobalSection
EndGlobal
